
Microsoft Visual Studio Solution File, Format Version 12.00
# Visual Studio Version 17
VisualStudioVersion = 17.2.32630.192
MinimumVisualStudioVersion = 10.0.40219.1
Project("{9A19103F-16F7-4668-BE54-9A1E7A4F7556}") = "RaiRai.ColorConverterAPI", "RaiRai.ColorConverterAPI.csproj", "{C4E24F4A-A31F-4B78-AEEB-79F29DFC0FCD}"
EndProject
Global
	GlobalSection(SolutionConfigurationPlatforms) = preSolution
		Debug|Any CPU = Debug|Any CPU
		Release|Any CPU = Release|Any CPU
	EndGlobalSection
	GlobalSection(ProjectConfigurationPlatforms) = postSolution
		{C4E24F4A-A31F-4B78-AEEB-79F29DFC0FCD}.Debug|Any CPU.ActiveCfg = Debug|Any CPU
		{C4E24F4A-A31F-4B78-AEEB-79F29DFC0FCD}.Debug|Any CPU.Build.0 = Debug|Any CPU
		{C4E24F4A-A31F-4B78-AEEB-79F29DFC0FCD}.Release|Any CPU.ActiveCfg = Release|Any CPU
		{C4E24F4A-A31F-4B78-AEEB-79F29DFC0FCD}.Release|Any CPU.Build.0 = Release|Any CPU
	EndGlobalSection
	GlobalSection(SolutionProperties) = preSolution
		HideSolutionNode = FALSE
	EndGlobalSection
	GlobalSection(ExtensibilityGlobals) = postSolution
		SolutionGuid = {F3E9434A-7646-4697-BAF3-EB23A54B41BB}
	EndGlobalSection
EndGlobal
